// !$*UTF8*$!
{
	archiveVersion = 1;
	classes = {
	};
	objectVersion = 50;
	objects = {

/* Begin PBXBuildFile section */
		1337333B2704FBD20052BF27 /* ShelfCellDelegate.swift in Sources */ = {isa = PBXBuildFile; fileRef = 1337333A2704FBD20052BF27 /* ShelfCellDelegate.swift */; };
		13471FBB26F283C4007296E2 /* BodyTextStyle.swift in Sources */ = {isa = PBXBuildFile; fileRef = 13471FBA26F283C4007296E2 /* BodyTextStyle.swift */; };
		13471FBD26F28ED3007296E2 /* SynopsisCell.swift in Sources */ = {isa = PBXBuildFile; fileRef = 13471FBC26F28ED3007296E2 /* SynopsisCell.swift */; };
		134739942703ADDB002E0AE3 /* EmptyView.swift in Sources */ = {isa = PBXBuildFile; fileRef = 134739932703ADDB002E0AE3 /* EmptyView.swift */; };
		134739962703AFB9002E0AE3 /* EmptyViewDelegate.swift in Sources */ = {isa = PBXBuildFile; fileRef = 134739952703AFB9002E0AE3 /* EmptyViewDelegate.swift */; };
		134E991A2708E95000EECED5 /* OnboardViewController.swift in Sources */ = {isa = PBXBuildFile; fileRef = 134E99192708E95000EECED5 /* OnboardViewController.swift */; };
		134E991C2708EB5800EECED5 /* OnboardView.swift in Sources */ = {isa = PBXBuildFile; fileRef = 134E991B2708EB5800EECED5 /* OnboardView.swift */; };
		136F845226F53208004AAFF2 /* ShelfCell.swift in Sources */ = {isa = PBXBuildFile; fileRef = 136F845126F53208004AAFF2 /* ShelfCell.swift */; };
		136F845626F53D78004AAFF2 /* TitleTextStyle.swift in Sources */ = {isa = PBXBuildFile; fileRef = 136F845526F53D77004AAFF2 /* TitleTextStyle.swift */; };
		136F845926F7690A004AAFF2 /* ImageBook.swift in Sources */ = {isa = PBXBuildFile; fileRef = 136F845826F7690A004AAFF2 /* ImageBook.swift */; };
		136F845B26F76E90004AAFF2 /* StatusButton.swift in Sources */ = {isa = PBXBuildFile; fileRef = 136F845A26F76E90004AAFF2 /* StatusButton.swift */; };
		136F845D26F906C1004AAFF2 /* StarsRating.swift in Sources */ = {isa = PBXBuildFile; fileRef = 136F845C26F906C1004AAFF2 /* StarsRating.swift */; };
		220C04AB2706DA130039A08C /* APIError.swift in Sources */ = {isa = PBXBuildFile; fileRef = 220C04AA2706DA130039A08C /* APIError.swift */; };
		223B720526FE616200B9822E /* Book.swift in Sources */ = {isa = PBXBuildFile; fileRef = 223B720426FE616200B9822E /* Book.swift */; };
		224DBC8826F113B3002303F3 /* AppDelegate.swift in Sources */ = {isa = PBXBuildFile; fileRef = 224DBC8726F113B3002303F3 /* AppDelegate.swift */; };
		224DBC8A26F113B3002303F3 /* SceneDelegate.swift in Sources */ = {isa = PBXBuildFile; fileRef = 224DBC8926F113B3002303F3 /* SceneDelegate.swift */; };
		224DBC8C26F113B3002303F3 /* DiscoverViewController.swift in Sources */ = {isa = PBXBuildFile; fileRef = 224DBC8B26F113B3002303F3 /* DiscoverViewController.swift */; };
		224DBC9126F113B3002303F3 /* Assets.xcassets in Resources */ = {isa = PBXBuildFile; fileRef = 224DBC9026F113B3002303F3 /* Assets.xcassets */; };
		224DBC9426F113B3002303F3 /* LaunchScreen.storyboard in Resources */ = {isa = PBXBuildFile; fileRef = 224DBC9226F113B3002303F3 /* LaunchScreen.storyboard */; };
		224DBCA226F114DD002303F3 /* MenuView.swift in Sources */ = {isa = PBXBuildFile; fileRef = 224DBCA126F114DD002303F3 /* MenuView.swift */; };
		22F62BD327038ADD0076CA34 /* BookViewController.swift in Sources */ = {isa = PBXBuildFile; fileRef = 22F62BD227038ADD0076CA34 /* BookViewController.swift */; };
		22F62BD627038AEC0076CA34 /* BookView.swift in Sources */ = {isa = PBXBuildFile; fileRef = 22F62BD427038AEC0076CA34 /* BookView.swift */; };
		22F62BD727038AEC0076CA34 /* ShopView.swift in Sources */ = {isa = PBXBuildFile; fileRef = 22F62BD527038AEC0076CA34 /* ShopView.swift */; };
		22F62BDE27038C9A0076CA34 /* CoverlessData.xcdatamodeld in Sources */ = {isa = PBXBuildFile; fileRef = 22F62BDC27038C9A0076CA34 /* CoverlessData.xcdatamodeld */; };
		22F62BE327038F6D0076CA34 /* UIView+NSLayoutConstraint.swift in Sources */ = {isa = PBXBuildFile; fileRef = 22F62BE127038F6D0076CA34 /* UIView+NSLayoutConstraint.swift */; };
		22F62BE427038F6D0076CA34 /* PropertyListDecoder.swift in Sources */ = {isa = PBXBuildFile; fileRef = 22F62BE227038F6D0076CA34 /* PropertyListDecoder.swift */; };
		22F62BE627038F780076CA34 /* CoverlessDataRepository.swift in Sources */ = {isa = PBXBuildFile; fileRef = 22F62BE527038F780076CA34 /* CoverlessDataRepository.swift */; };
		5B0F188E26FE4529008626F9 /* CollectionViewAccessibilityHeader.swift in Sources */ = {isa = PBXBuildFile; fileRef = 5B0F188D26FE4529008626F9 /* CollectionViewAccessibilityHeader.swift */; };
		5B47F64426F2CB4200FDF48D /* SymbolAccesibilityConfiguration.swift in Sources */ = {isa = PBXBuildFile; fileRef = 5B47F64326F2CB4200FDF48D /* SymbolAccesibilityConfiguration.swift */; };
		5B47F64626F2CCA800FDF48D /* UIImageView+TraitCollection.swift in Sources */ = {isa = PBXBuildFile; fileRef = 5B47F64526F2CCA800FDF48D /* UIImageView+TraitCollection.swift */; };
		5B47F64826F3700500FDF48D /* UIImage+TraitCollection.swift in Sources */ = {isa = PBXBuildFile; fileRef = 5B47F64726F3700500FDF48D /* UIImage+TraitCollection.swift */; };
		5B47F64A26F3B39C00FDF48D /* SynopsisCellDelegate.swift in Sources */ = {isa = PBXBuildFile; fileRef = 5B47F64926F3B39C00FDF48D /* SynopsisCellDelegate.swift */; };
		5B47F64C26F3B65A00FDF48D /* CustomLabelDesignable.swift in Sources */ = {isa = PBXBuildFile; fileRef = 5B47F64B26F3B65A00FDF48D /* CustomLabelDesignable.swift */; };
		5B47F64E26F3B78000FDF48D /* NSLayoutAnchor+DesignSystem.swift in Sources */ = {isa = PBXBuildFile; fileRef = 5B47F64D26F3B78000FDF48D /* NSLayoutAnchor+DesignSystem.swift */; };
		5B47F65126F3DB9800FDF48D /* Coordinator.swift in Sources */ = {isa = PBXBuildFile; fileRef = 5B47F65026F3DB9800FDF48D /* Coordinator.swift */; };
		5B47F65326F3DC3100FDF48D /* DiscoverCoordinator.swift in Sources */ = {isa = PBXBuildFile; fileRef = 5B47F65226F3DC3100FDF48D /* DiscoverCoordinator.swift */; };
		5B47F65526F3DCBF00FDF48D /* MainTabBarController.swift in Sources */ = {isa = PBXBuildFile; fileRef = 5B47F65426F3DCBF00FDF48D /* MainTabBarController.swift */; };
		5B47F65726F3E1B400FDF48D /* ShelfCoordinator.swift in Sources */ = {isa = PBXBuildFile; fileRef = 5B47F65626F3E1B400FDF48D /* ShelfCoordinator.swift */; };
		5B47F65926F3E2CB00FDF48D /* ShelfViewController.swift in Sources */ = {isa = PBXBuildFile; fileRef = 5B47F65826F3E2CB00FDF48D /* ShelfViewController.swift */; };
		5B5A8BE526F907D200914277 /* HeaderTextStyle.swift in Sources */ = {isa = PBXBuildFile; fileRef = 5B5A8BE426F907D200914277 /* HeaderTextStyle.swift */; };
		5B79504F2703B13A007C1973 /* SubjectCollectionHeaderDataSource.swift in Sources */ = {isa = PBXBuildFile; fileRef = 5B79504E2703B13A007C1973 /* SubjectCollectionHeaderDataSource.swift */; };
		5B7950532704EEAC007C1973 /* LoadingView.swift in Sources */ = {isa = PBXBuildFile; fileRef = 5B7950522704EEAC007C1973 /* LoadingView.swift */; };
		5B79A4C22702666700CFDFD6 /* SubjectCollectionHeader.swift in Sources */ = {isa = PBXBuildFile; fileRef = 5B79A4C12702666700CFDFD6 /* SubjectCollectionHeader.swift */; };
		5B7AB18427037BA3009380B4 /* CarouselAccessibilityElement.swift in Sources */ = {isa = PBXBuildFile; fileRef = 5B7AB18327037BA3009380B4 /* CarouselAccessibilityElement.swift */; };
		5B89273426F52ABD0002A3DA /* MoreInfoViewController.swift in Sources */ = {isa = PBXBuildFile; fileRef = 5B89273326F52ABD0002A3DA /* MoreInfoViewController.swift */; };
		5B89273626F52ACA0002A3DA /* MoreInfoView.swift in Sources */ = {isa = PBXBuildFile; fileRef = 5B89273526F52ACA0002A3DA /* MoreInfoView.swift */; };
		5B8BE6CB27062409007FB6E7 /* DiscoveredBookView.swift in Sources */ = {isa = PBXBuildFile; fileRef = 5B8BE6CA27062409007FB6E7 /* DiscoveredBookView.swift */; };
		5B8BE6CD27063519007FB6E7 /* LargeTitleTextStyle.swift in Sources */ = {isa = PBXBuildFile; fileRef = 5B8BE6CC27063519007FB6E7 /* LargeTitleTextStyle.swift */; };
		5B8BE6CF2706355D007FB6E7 /* LargeSerifTextStyle.swift in Sources */ = {isa = PBXBuildFile; fileRef = 5B8BE6CE2706355D007FB6E7 /* LargeSerifTextStyle.swift */; };
		5B8BE6D127064D45007FB6E7 /* DiscoveredBookViewController.swift in Sources */ = {isa = PBXBuildFile; fileRef = 5B8BE6D027064D45007FB6E7 /* DiscoveredBookViewController.swift */; };
		5BA275492707784A00459DD1 /* Environment.plist in Resources */ = {isa = PBXBuildFile; fileRef = 5BA275482707784A00459DD1 /* Environment.plist */; };
		5BA2754D2707A20E00459DD1 /* DiscoverViewFooter.swift in Sources */ = {isa = PBXBuildFile; fileRef = 5BA2754C2707A20E00459DD1 /* DiscoverViewFooter.swift */; };
		5BA2754F2707A78400459DD1 /* DiscoverViewDelegate.swift in Sources */ = {isa = PBXBuildFile; fileRef = 5BA2754E2707A78400459DD1 /* DiscoverViewDelegate.swift */; };
		5BA275512707A7A200459DD1 /* AsyncImage.swift in Sources */ = {isa = PBXBuildFile; fileRef = 5BA275502707A7A200459DD1 /* AsyncImage.swift */; };
		5BBAFA6126F21B6000A8DEF9 /* DesignSystem.swift in Sources */ = {isa = PBXBuildFile; fileRef = 5BBAFA6026F21B6000A8DEF9 /* DesignSystem.swift */; };
		5BBAFA6326F21B8100A8DEF9 /* DesignPalette.swift in Sources */ = {isa = PBXBuildFile; fileRef = 5BBAFA6226F21B8100A8DEF9 /* DesignPalette.swift */; };
		5BBAFA6526F21B9000A8DEF9 /* DesignSpacing.swift in Sources */ = {isa = PBXBuildFile; fileRef = 5BBAFA6426F21B9000A8DEF9 /* DesignSpacing.swift */; };
		5BBAFA6726F2256C00A8DEF9 /* DesignText.swift in Sources */ = {isa = PBXBuildFile; fileRef = 5BBAFA6626F2256C00A8DEF9 /* DesignText.swift */; };
		5BBAFA6926F2258100A8DEF9 /* TextStyle.swift in Sources */ = {isa = PBXBuildFile; fileRef = 5BBAFA6826F2258100A8DEF9 /* TextStyle.swift */; };
		5BC4634C26F25D43007155C1 /* LabelDesignable.swift in Sources */ = {isa = PBXBuildFile; fileRef = 5BC4634B26F25D43007155C1 /* LabelDesignable.swift */; };
		5BC4634E26F25E31007155C1 /* ButtonTextStyle.swift in Sources */ = {isa = PBXBuildFile; fileRef = 5BC4634D26F25E31007155C1 /* ButtonTextStyle.swift */; };
		5BD290E126FD0E420082620D /* Subjects.plist in Resources */ = {isa = PBXBuildFile; fileRef = 5BD290E026FD0E420082620D /* Subjects.plist */; };
		5BD290E326FD1CCC0082620D /* Subject.swift in Sources */ = {isa = PBXBuildFile; fileRef = 5BD290E226FD1CCC0082620D /* Subject.swift */; };
		5BD62AE726FE601B00EC924D /* NYTDatas.swift in Sources */ = {isa = PBXBuildFile; fileRef = 5BD62AE226FE601B00EC924D /* NYTDatas.swift */; };
		5BD62AE826FE601B00EC924D /* NYTRepository.swift in Sources */ = {isa = PBXBuildFile; fileRef = 5BD62AE326FE601B00EC924D /* NYTRepository.swift */; };
		5BD62AE926FE601B00EC924D /* GoogleDatas.swift in Sources */ = {isa = PBXBuildFile; fileRef = 5BD62AE526FE601B00EC924D /* GoogleDatas.swift */; };
		5BD62AEA26FE601B00EC924D /* GoogleRepository.swift in Sources */ = {isa = PBXBuildFile; fileRef = 5BD62AE626FE601B00EC924D /* GoogleRepository.swift */; };
		5BE28DFC26F12D940043F19E /* DefaultDesignSystem.swift in Sources */ = {isa = PBXBuildFile; fileRef = 5BE28DFB26F12D940043F19E /* DefaultDesignSystem.swift */; };
		5BE28E0126F134EB0043F19E /* UIColor+Palette.swift in Sources */ = {isa = PBXBuildFile; fileRef = 5BE28E0026F134EB0043F19E /* UIColor+Palette.swift */; };
		5BE28E0326F135A10043F19E /* DefaultDesignPalette.swift in Sources */ = {isa = PBXBuildFile; fileRef = 5BE28E0226F135A10043F19E /* DefaultDesignPalette.swift */; };
		5BE28E0526F136E50043F19E /* DefaultDesignSpacing.swift in Sources */ = {isa = PBXBuildFile; fileRef = 5BE28E0426F136E50043F19E /* DefaultDesignSpacing.swift */; };
		5BE28E0826F138020043F19E /* SynopsisCellButton.swift in Sources */ = {isa = PBXBuildFile; fileRef = 5BE28E0726F138020043F19E /* SynopsisCellButton.swift */; };
		5BE28E0C26F142E40043F19E /* Designable.swift in Sources */ = {isa = PBXBuildFile; fileRef = 5BE28E0B26F142E40043F19E /* Designable.swift */; };
		5BE7CFC826FBA6EB00927439 /* DiscoverView.swift in Sources */ = {isa = PBXBuildFile; fileRef = 5BE7CFC726FBA6EB00927439 /* DiscoverView.swift */; };
		5BE7CFCB26FBB82500927439 /* DiscoverCollectionViewDataSource.swift in Sources */ = {isa = PBXBuildFile; fileRef = 5BE7CFCA26FBB82500927439 /* DiscoverCollectionViewDataSource.swift */; };
		5BE7CFCD26FBBA4F00927439 /* SubjectCell.swift in Sources */ = {isa = PBXBuildFile; fileRef = 5BE7CFCC26FBBA4F00927439 /* SubjectCell.swift */; };
/* End PBXBuildFile section */

/* Begin PBXFileReference section */
		1337333A2704FBD20052BF27 /* ShelfCellDelegate.swift */ = {isa = PBXFileReference; fileEncoding = 4; lastKnownFileType = sourcecode.swift; path = ShelfCellDelegate.swift; sourceTree = "<group>"; };
		13471FBA26F283C4007296E2 /* BodyTextStyle.swift */ = {isa = PBXFileReference; lastKnownFileType = sourcecode.swift; path = BodyTextStyle.swift; sourceTree = "<group>"; };
		13471FBC26F28ED3007296E2 /* SynopsisCell.swift */ = {isa = PBXFileReference; lastKnownFileType = sourcecode.swift; path = SynopsisCell.swift; sourceTree = "<group>"; };
		134739932703ADDB002E0AE3 /* EmptyView.swift */ = {isa = PBXFileReference; fileEncoding = 4; lastKnownFileType = sourcecode.swift; path = EmptyView.swift; sourceTree = "<group>"; };
		134739952703AFB9002E0AE3 /* EmptyViewDelegate.swift */ = {isa = PBXFileReference; lastKnownFileType = sourcecode.swift; path = EmptyViewDelegate.swift; sourceTree = "<group>"; };
		134E99192708E95000EECED5 /* OnboardViewController.swift */ = {isa = PBXFileReference; lastKnownFileType = sourcecode.swift; path = OnboardViewController.swift; sourceTree = "<group>"; };
		134E991B2708EB5800EECED5 /* OnboardView.swift */ = {isa = PBXFileReference; lastKnownFileType = sourcecode.swift; path = OnboardView.swift; sourceTree = "<group>"; };
		136F845126F53208004AAFF2 /* ShelfCell.swift */ = {isa = PBXFileReference; lastKnownFileType = sourcecode.swift; path = ShelfCell.swift; sourceTree = "<group>"; };
		136F845526F53D77004AAFF2 /* TitleTextStyle.swift */ = {isa = PBXFileReference; lastKnownFileType = sourcecode.swift; path = TitleTextStyle.swift; sourceTree = "<group>"; };
		136F845826F7690A004AAFF2 /* ImageBook.swift */ = {isa = PBXFileReference; lastKnownFileType = sourcecode.swift; path = ImageBook.swift; sourceTree = "<group>"; };
		136F845A26F76E90004AAFF2 /* StatusButton.swift */ = {isa = PBXFileReference; lastKnownFileType = sourcecode.swift; path = StatusButton.swift; sourceTree = "<group>"; };
		136F845C26F906C1004AAFF2 /* StarsRating.swift */ = {isa = PBXFileReference; lastKnownFileType = sourcecode.swift; path = StarsRating.swift; sourceTree = "<group>"; };
		220C04AA2706DA130039A08C /* APIError.swift */ = {isa = PBXFileReference; lastKnownFileType = sourcecode.swift; path = APIError.swift; sourceTree = "<group>"; };
		223B720426FE616200B9822E /* Book.swift */ = {isa = PBXFileReference; lastKnownFileType = sourcecode.swift; path = Book.swift; sourceTree = "<group>"; };
		224DBC8426F113B3002303F3 /* Coverless.app */ = {isa = PBXFileReference; explicitFileType = wrapper.application; includeInIndex = 0; path = Coverless.app; sourceTree = BUILT_PRODUCTS_DIR; };
		224DBC8726F113B3002303F3 /* AppDelegate.swift */ = {isa = PBXFileReference; lastKnownFileType = sourcecode.swift; path = AppDelegate.swift; sourceTree = "<group>"; };
		224DBC8926F113B3002303F3 /* SceneDelegate.swift */ = {isa = PBXFileReference; lastKnownFileType = sourcecode.swift; path = SceneDelegate.swift; sourceTree = "<group>"; };
		224DBC8B26F113B3002303F3 /* DiscoverViewController.swift */ = {isa = PBXFileReference; lastKnownFileType = sourcecode.swift; path = DiscoverViewController.swift; sourceTree = "<group>"; };
		224DBC9026F113B3002303F3 /* Assets.xcassets */ = {isa = PBXFileReference; lastKnownFileType = folder.assetcatalog; path = Assets.xcassets; sourceTree = "<group>"; };
		224DBC9326F113B3002303F3 /* Base */ = {isa = PBXFileReference; lastKnownFileType = file.storyboard; name = Base; path = Base.lproj/LaunchScreen.storyboard; sourceTree = "<group>"; };
		224DBC9526F113B4002303F3 /* Info.plist */ = {isa = PBXFileReference; lastKnownFileType = text.plist.xml; path = Info.plist; sourceTree = "<group>"; };
		224DBCA126F114DD002303F3 /* MenuView.swift */ = {isa = PBXFileReference; lastKnownFileType = sourcecode.swift; path = MenuView.swift; sourceTree = "<group>"; };
		22F62BD227038ADD0076CA34 /* BookViewController.swift */ = {isa = PBXFileReference; fileEncoding = 4; lastKnownFileType = sourcecode.swift; path = BookViewController.swift; sourceTree = "<group>"; };
		22F62BD427038AEC0076CA34 /* BookView.swift */ = {isa = PBXFileReference; fileEncoding = 4; lastKnownFileType = sourcecode.swift; path = BookView.swift; sourceTree = "<group>"; };
		22F62BD527038AEC0076CA34 /* ShopView.swift */ = {isa = PBXFileReference; fileEncoding = 4; lastKnownFileType = sourcecode.swift; path = ShopView.swift; sourceTree = "<group>"; };
		22F62BDD27038C9A0076CA34 /* CoverlessData.xcdatamodel */ = {isa = PBXFileReference; lastKnownFileType = wrapper.xcdatamodel; path = CoverlessData.xcdatamodel; sourceTree = "<group>"; };
		22F62BE127038F6D0076CA34 /* UIView+NSLayoutConstraint.swift */ = {isa = PBXFileReference; fileEncoding = 4; lastKnownFileType = sourcecode.swift; path = "UIView+NSLayoutConstraint.swift"; sourceTree = "<group>"; };
		22F62BE227038F6D0076CA34 /* PropertyListDecoder.swift */ = {isa = PBXFileReference; fileEncoding = 4; lastKnownFileType = sourcecode.swift; path = PropertyListDecoder.swift; sourceTree = "<group>"; };
		22F62BE527038F780076CA34 /* CoverlessDataRepository.swift */ = {isa = PBXFileReference; fileEncoding = 4; lastKnownFileType = sourcecode.swift; path = CoverlessDataRepository.swift; sourceTree = "<group>"; };
		5B0F188D26FE4529008626F9 /* CollectionViewAccessibilityHeader.swift */ = {isa = PBXFileReference; lastKnownFileType = sourcecode.swift; path = CollectionViewAccessibilityHeader.swift; sourceTree = "<group>"; };
		5B47F64326F2CB4200FDF48D /* SymbolAccesibilityConfiguration.swift */ = {isa = PBXFileReference; lastKnownFileType = sourcecode.swift; path = SymbolAccesibilityConfiguration.swift; sourceTree = "<group>"; };
		5B47F64526F2CCA800FDF48D /* UIImageView+TraitCollection.swift */ = {isa = PBXFileReference; lastKnownFileType = sourcecode.swift; path = "UIImageView+TraitCollection.swift"; sourceTree = "<group>"; };
		5B47F64726F3700500FDF48D /* UIImage+TraitCollection.swift */ = {isa = PBXFileReference; lastKnownFileType = sourcecode.swift; path = "UIImage+TraitCollection.swift"; sourceTree = "<group>"; };
		5B47F64926F3B39C00FDF48D /* SynopsisCellDelegate.swift */ = {isa = PBXFileReference; lastKnownFileType = sourcecode.swift; path = SynopsisCellDelegate.swift; sourceTree = "<group>"; };
		5B47F64B26F3B65A00FDF48D /* CustomLabelDesignable.swift */ = {isa = PBXFileReference; lastKnownFileType = sourcecode.swift; path = CustomLabelDesignable.swift; sourceTree = "<group>"; };
		5B47F64D26F3B78000FDF48D /* NSLayoutAnchor+DesignSystem.swift */ = {isa = PBXFileReference; lastKnownFileType = sourcecode.swift; path = "NSLayoutAnchor+DesignSystem.swift"; sourceTree = "<group>"; };
		5B47F65026F3DB9800FDF48D /* Coordinator.swift */ = {isa = PBXFileReference; lastKnownFileType = sourcecode.swift; path = Coordinator.swift; sourceTree = "<group>"; };
		5B47F65226F3DC3100FDF48D /* DiscoverCoordinator.swift */ = {isa = PBXFileReference; lastKnownFileType = sourcecode.swift; path = DiscoverCoordinator.swift; sourceTree = "<group>"; };
		5B47F65426F3DCBF00FDF48D /* MainTabBarController.swift */ = {isa = PBXFileReference; lastKnownFileType = sourcecode.swift; path = MainTabBarController.swift; sourceTree = "<group>"; };
		5B47F65626F3E1B400FDF48D /* ShelfCoordinator.swift */ = {isa = PBXFileReference; lastKnownFileType = sourcecode.swift; path = ShelfCoordinator.swift; sourceTree = "<group>"; };
		5B47F65826F3E2CB00FDF48D /* ShelfViewController.swift */ = {isa = PBXFileReference; lastKnownFileType = sourcecode.swift; path = ShelfViewController.swift; sourceTree = "<group>"; };
		5B5A8BE426F907D200914277 /* HeaderTextStyle.swift */ = {isa = PBXFileReference; lastKnownFileType = sourcecode.swift; path = HeaderTextStyle.swift; sourceTree = "<group>"; };
		5B79504E2703B13A007C1973 /* SubjectCollectionHeaderDataSource.swift */ = {isa = PBXFileReference; lastKnownFileType = sourcecode.swift; path = SubjectCollectionHeaderDataSource.swift; sourceTree = "<group>"; };
		5B7950522704EEAC007C1973 /* LoadingView.swift */ = {isa = PBXFileReference; lastKnownFileType = sourcecode.swift; path = LoadingView.swift; sourceTree = "<group>"; };
		5B79A4C12702666700CFDFD6 /* SubjectCollectionHeader.swift */ = {isa = PBXFileReference; lastKnownFileType = sourcecode.swift; path = SubjectCollectionHeader.swift; sourceTree = "<group>"; };
		5B7AB18327037BA3009380B4 /* CarouselAccessibilityElement.swift */ = {isa = PBXFileReference; lastKnownFileType = sourcecode.swift; path = CarouselAccessibilityElement.swift; sourceTree = "<group>"; };
		5B89273326F52ABD0002A3DA /* MoreInfoViewController.swift */ = {isa = PBXFileReference; lastKnownFileType = sourcecode.swift; path = MoreInfoViewController.swift; sourceTree = "<group>"; };
		5B89273526F52ACA0002A3DA /* MoreInfoView.swift */ = {isa = PBXFileReference; lastKnownFileType = sourcecode.swift; path = MoreInfoView.swift; sourceTree = "<group>"; };
		5B8BE6CA27062409007FB6E7 /* DiscoveredBookView.swift */ = {isa = PBXFileReference; lastKnownFileType = sourcecode.swift; path = DiscoveredBookView.swift; sourceTree = "<group>"; };
		5B8BE6CC27063519007FB6E7 /* LargeTitleTextStyle.swift */ = {isa = PBXFileReference; lastKnownFileType = sourcecode.swift; path = LargeTitleTextStyle.swift; sourceTree = "<group>"; };
		5B8BE6CE2706355D007FB6E7 /* LargeSerifTextStyle.swift */ = {isa = PBXFileReference; lastKnownFileType = sourcecode.swift; path = LargeSerifTextStyle.swift; sourceTree = "<group>"; };
		5B8BE6D027064D45007FB6E7 /* DiscoveredBookViewController.swift */ = {isa = PBXFileReference; lastKnownFileType = sourcecode.swift; path = DiscoveredBookViewController.swift; sourceTree = "<group>"; };
		5BA275482707784A00459DD1 /* Environment.plist */ = {isa = PBXFileReference; lastKnownFileType = text.plist.xml; path = Environment.plist; sourceTree = "<group>"; };
		5BA2754C2707A20E00459DD1 /* DiscoverViewFooter.swift */ = {isa = PBXFileReference; lastKnownFileType = sourcecode.swift; path = DiscoverViewFooter.swift; sourceTree = "<group>"; };
		5BA2754E2707A78400459DD1 /* DiscoverViewDelegate.swift */ = {isa = PBXFileReference; lastKnownFileType = sourcecode.swift; path = DiscoverViewDelegate.swift; sourceTree = "<group>"; };
		5BA275502707A7A200459DD1 /* AsyncImage.swift */ = {isa = PBXFileReference; lastKnownFileType = sourcecode.swift; path = AsyncImage.swift; sourceTree = "<group>"; };
		5BBAFA6026F21B6000A8DEF9 /* DesignSystem.swift */ = {isa = PBXFileReference; lastKnownFileType = sourcecode.swift; path = DesignSystem.swift; sourceTree = "<group>"; };
		5BBAFA6226F21B8100A8DEF9 /* DesignPalette.swift */ = {isa = PBXFileReference; lastKnownFileType = sourcecode.swift; path = DesignPalette.swift; sourceTree = "<group>"; };
		5BBAFA6426F21B9000A8DEF9 /* DesignSpacing.swift */ = {isa = PBXFileReference; lastKnownFileType = sourcecode.swift; path = DesignSpacing.swift; sourceTree = "<group>"; };
		5BBAFA6626F2256C00A8DEF9 /* DesignText.swift */ = {isa = PBXFileReference; lastKnownFileType = sourcecode.swift; path = DesignText.swift; sourceTree = "<group>"; };
		5BBAFA6826F2258100A8DEF9 /* TextStyle.swift */ = {isa = PBXFileReference; lastKnownFileType = sourcecode.swift; path = TextStyle.swift; sourceTree = "<group>"; };
		5BC4634B26F25D43007155C1 /* LabelDesignable.swift */ = {isa = PBXFileReference; lastKnownFileType = sourcecode.swift; path = LabelDesignable.swift; sourceTree = "<group>"; };
		5BC4634D26F25E31007155C1 /* ButtonTextStyle.swift */ = {isa = PBXFileReference; lastKnownFileType = sourcecode.swift; path = ButtonTextStyle.swift; sourceTree = "<group>"; };
		5BD290E026FD0E420082620D /* Subjects.plist */ = {isa = PBXFileReference; lastKnownFileType = text.plist.xml; path = Subjects.plist; sourceTree = "<group>"; };
		5BD290E226FD1CCC0082620D /* Subject.swift */ = {isa = PBXFileReference; lastKnownFileType = sourcecode.swift; path = Subject.swift; sourceTree = "<group>"; };
		5BD62AE226FE601B00EC924D /* NYTDatas.swift */ = {isa = PBXFileReference; fileEncoding = 4; lastKnownFileType = sourcecode.swift; path = NYTDatas.swift; sourceTree = "<group>"; };
		5BD62AE326FE601B00EC924D /* NYTRepository.swift */ = {isa = PBXFileReference; fileEncoding = 4; lastKnownFileType = sourcecode.swift; path = NYTRepository.swift; sourceTree = "<group>"; };
		5BD62AE526FE601B00EC924D /* GoogleDatas.swift */ = {isa = PBXFileReference; fileEncoding = 4; lastKnownFileType = sourcecode.swift; path = GoogleDatas.swift; sourceTree = "<group>"; };
		5BD62AE626FE601B00EC924D /* GoogleRepository.swift */ = {isa = PBXFileReference; fileEncoding = 4; lastKnownFileType = sourcecode.swift; path = GoogleRepository.swift; sourceTree = "<group>"; };
		5BE28DFB26F12D940043F19E /* DefaultDesignSystem.swift */ = {isa = PBXFileReference; lastKnownFileType = sourcecode.swift; path = DefaultDesignSystem.swift; sourceTree = "<group>"; };
		5BE28E0026F134EB0043F19E /* UIColor+Palette.swift */ = {isa = PBXFileReference; lastKnownFileType = sourcecode.swift; path = "UIColor+Palette.swift"; sourceTree = "<group>"; };
		5BE28E0226F135A10043F19E /* DefaultDesignPalette.swift */ = {isa = PBXFileReference; lastKnownFileType = sourcecode.swift; path = DefaultDesignPalette.swift; sourceTree = "<group>"; };
		5BE28E0426F136E50043F19E /* DefaultDesignSpacing.swift */ = {isa = PBXFileReference; lastKnownFileType = sourcecode.swift; path = DefaultDesignSpacing.swift; sourceTree = "<group>"; };
		5BE28E0726F138020043F19E /* SynopsisCellButton.swift */ = {isa = PBXFileReference; lastKnownFileType = sourcecode.swift; path = SynopsisCellButton.swift; sourceTree = "<group>"; };
		5BE28E0B26F142E40043F19E /* Designable.swift */ = {isa = PBXFileReference; lastKnownFileType = sourcecode.swift; path = Designable.swift; sourceTree = "<group>"; };
		5BE7CFC726FBA6EB00927439 /* DiscoverView.swift */ = {isa = PBXFileReference; lastKnownFileType = sourcecode.swift; path = DiscoverView.swift; sourceTree = "<group>"; };
		5BE7CFCA26FBB82500927439 /* DiscoverCollectionViewDataSource.swift */ = {isa = PBXFileReference; lastKnownFileType = sourcecode.swift; path = DiscoverCollectionViewDataSource.swift; sourceTree = "<group>"; };
		5BE7CFCC26FBBA4F00927439 /* SubjectCell.swift */ = {isa = PBXFileReference; lastKnownFileType = sourcecode.swift; path = SubjectCell.swift; sourceTree = "<group>"; };
/* End PBXFileReference section */

/* Begin PBXFrameworksBuildPhase section */
		224DBC8126F113B3002303F3 /* Frameworks */ = {
			isa = PBXFrameworksBuildPhase;
			buildActionMask = 2147483647;
			files = (
			);
			runOnlyForDeploymentPostprocessing = 0;
		};
/* End PBXFrameworksBuildPhase section */

/* Begin PBXGroup section */
		13471FB726F26529007296E2 /* Cell */ = {
			isa = PBXGroup;
			children = (
				13471FBC26F28ED3007296E2 /* SynopsisCell.swift */,
				136F845126F53208004AAFF2 /* ShelfCell.swift */,
				5BE7CFCC26FBBA4F00927439 /* SubjectCell.swift */,
			);
			path = Cell;
			sourceTree = "<group>";
		};
		136F845726F768F9004AAFF2 /* Image */ = {
			isa = PBXGroup;
			children = (
				136F845826F7690A004AAFF2 /* ImageBook.swift */,
				136F845C26F906C1004AAFF2 /* StarsRating.swift */,
				5BA275502707A7A200459DD1 /* AsyncImage.swift */,
			);
			path = Image;
			sourceTree = "<group>";
		};
		224DBC7B26F113B3002303F3 = {
			isa = PBXGroup;
			children = (
				224DBC8626F113B3002303F3 /* Coverless */,
				224DBC8526F113B3002303F3 /* Products */,
			);
			sourceTree = "<group>";
		};
		224DBC8526F113B3002303F3 /* Products */ = {
			isa = PBXGroup;
			children = (
				224DBC8426F113B3002303F3 /* Coverless.app */,
			);
			name = Products;
			sourceTree = "<group>";
		};
		224DBC8626F113B3002303F3 /* Coverless */ = {
			isa = PBXGroup;
			children = (
				5B79A4BD270265C900CFDFD6 /* Accessibility */,
				22F62BE027038F2C0076CA34 /* Extensions */,
				22F62BDF27038EE80076CA34 /* CoreData */,
				22F62BDC27038C9A0076CA34 /* CoverlessData.xcdatamodeld */,
				5BD62AE026FE5FF200EC924D /* API */,
				5BD290DF26FD0E1C0082620D /* Data */,
				5BE7CFC926FBB80100927439 /* DataSources */,
				5B47F64F26F3DB7300FDF48D /* Coordinators */,
				5BE28DFA26F12D380043F19E /* DesignSystem */,
				224DBC9D26F11452002303F3 /* Controllers */,
				224DBC9E26F1145D002303F3 /* Views */,
				224DBC9F26F1146B002303F3 /* Modals */,
				224DBC9C26F113C7002303F3 /* System */,
				224DBC9B26F113BD002303F3 /* Assets */,
			);
			path = Coverless;
			sourceTree = "<group>";
		};
		224DBC9B26F113BD002303F3 /* Assets */ = {
			isa = PBXGroup;
			children = (
				224DBC9026F113B3002303F3 /* Assets.xcassets */,
			);
			path = Assets;
			sourceTree = "<group>";
		};
		224DBC9C26F113C7002303F3 /* System */ = {
			isa = PBXGroup;
			children = (
				224DBC9526F113B4002303F3 /* Info.plist */,
				224DBC9226F113B3002303F3 /* LaunchScreen.storyboard */,
				224DBC8726F113B3002303F3 /* AppDelegate.swift */,
				224DBC8926F113B3002303F3 /* SceneDelegate.swift */,
			);
			path = System;
			sourceTree = "<group>";
		};
		224DBC9D26F11452002303F3 /* Controllers */ = {
			isa = PBXGroup;
			children = (
				22F62BD227038ADD0076CA34 /* BookViewController.swift */,
				224DBC8B26F113B3002303F3 /* DiscoverViewController.swift */,
				5B47F65426F3DCBF00FDF48D /* MainTabBarController.swift */,
				5B47F65826F3E2CB00FDF48D /* ShelfViewController.swift */,
				5B89273326F52ABD0002A3DA /* MoreInfoViewController.swift */,
				5B8BE6D027064D45007FB6E7 /* DiscoveredBookViewController.swift */,
				134E99192708E95000EECED5 /* OnboardViewController.swift */,
			);
			path = Controllers;
			sourceTree = "<group>";
		};
		224DBC9E26F1145D002303F3 /* Views */ = {
			isa = PBXGroup;
			children = (
				134739932703ADDB002E0AE3 /* EmptyView.swift */,
				5B79A4C12702666700CFDFD6 /* SubjectCollectionHeader.swift */,
				22F62BD427038AEC0076CA34 /* BookView.swift */,
				22F62BD527038AEC0076CA34 /* ShopView.swift */,
				224DBCA126F114DD002303F3 /* MenuView.swift */,
				5B89273526F52ACA0002A3DA /* MoreInfoView.swift */,
				5BE7CFC726FBA6EB00927439 /* DiscoverView.swift */,
				5B7950522704EEAC007C1973 /* LoadingView.swift */,
				5B8BE6CA27062409007FB6E7 /* DiscoveredBookView.swift */,
				134E991B2708EB5800EECED5 /* OnboardView.swift */,
			);
			path = Views;
			sourceTree = "<group>";
		};
		224DBC9F26F1146B002303F3 /* Modals */ = {
			isa = PBXGroup;
			children = (
				5BD290E226FD1CCC0082620D /* Subject.swift */,
				223B720426FE616200B9822E /* Book.swift */,
			);
			path = Modals;
			sourceTree = "<group>";
		};
		22F62BDF27038EE80076CA34 /* CoreData */ = {
			isa = PBXGroup;
			children = (
				22F62BE527038F780076CA34 /* CoverlessDataRepository.swift */,
			);
			path = CoreData;
			sourceTree = "<group>";
		};
		22F62BE027038F2C0076CA34 /* Extensions */ = {
			isa = PBXGroup;
			children = (
				22F62BE227038F6D0076CA34 /* PropertyListDecoder.swift */,
				22F62BE127038F6D0076CA34 /* UIView+NSLayoutConstraint.swift */,
			);
			path = Extensions;
			sourceTree = "<group>";
		};
		5B0F188C26FE44F8008626F9 /* Header */ = {
			isa = PBXGroup;
			children = (
				5B0F188D26FE4529008626F9 /* CollectionViewAccessibilityHeader.swift */,
			);
			path = Header;
			sourceTree = "<group>";
		};
		5B47F64F26F3DB7300FDF48D /* Coordinators */ = {
			isa = PBXGroup;
			children = (
				5B47F65026F3DB9800FDF48D /* Coordinator.swift */,
				5B47F65226F3DC3100FDF48D /* DiscoverCoordinator.swift */,
				5B47F65626F3E1B400FDF48D /* ShelfCoordinator.swift */,
			);
			path = Coordinators;
			sourceTree = "<group>";
		};
		5B79A4BD270265C900CFDFD6 /* Accessibility */ = {
			isa = PBXGroup;
			children = (
				5B7AB18327037BA3009380B4 /* CarouselAccessibilityElement.swift */,
			);
			path = Accessibility;
			sourceTree = "<group>";
		};
		5BA2754B2707A1F400459DD1 /* Footer */ = {
			isa = PBXGroup;
			children = (
				5BA2754C2707A20E00459DD1 /* DiscoverViewFooter.swift */,
			);
			path = Footer;
			sourceTree = "<group>";
		};
		5BBAFA5E26F21AFD00A8DEF9 /* Protocols */ = {
			isa = PBXGroup;
			children = (
				5BBAFA6026F21B6000A8DEF9 /* DesignSystem.swift */,
				5BBAFA6226F21B8100A8DEF9 /* DesignPalette.swift */,
				5BBAFA6426F21B9000A8DEF9 /* DesignSpacing.swift */,
				5BBAFA6626F2256C00A8DEF9 /* DesignText.swift */,
				5BBAFA6826F2258100A8DEF9 /* TextStyle.swift */,
			);
			path = Protocols;
			sourceTree = "<group>";
		};
		5BBAFA5F26F21B0600A8DEF9 /* Implementations */ = {
			isa = PBXGroup;
			children = (
				5BE28DFB26F12D940043F19E /* DefaultDesignSystem.swift */,
				5BE28E0226F135A10043F19E /* DefaultDesignPalette.swift */,
				5BE28E0426F136E50043F19E /* DefaultDesignSpacing.swift */,
				13471FBA26F283C4007296E2 /* BodyTextStyle.swift */,
				136F845526F53D77004AAFF2 /* TitleTextStyle.swift */,
				5BC4634D26F25E31007155C1 /* ButtonTextStyle.swift */,
				5B47F64326F2CB4200FDF48D /* SymbolAccesibilityConfiguration.swift */,
				5B5A8BE426F907D200914277 /* HeaderTextStyle.swift */,
				5B8BE6CC27063519007FB6E7 /* LargeTitleTextStyle.swift */,
				5B8BE6CE2706355D007FB6E7 /* LargeSerifTextStyle.swift */,
			);
			path = Implementations;
			sourceTree = "<group>";
		};
		5BD290DF26FD0E1C0082620D /* Data */ = {
			isa = PBXGroup;
			children = (
				5BD290E026FD0E420082620D /* Subjects.plist */,
			);
			path = Data;
			sourceTree = "<group>";
		};
		5BD62AE026FE5FF200EC924D /* API */ = {
			isa = PBXGroup;
			children = (
				5BA275482707784A00459DD1 /* Environment.plist */,
				220C04AA2706DA130039A08C /* APIError.swift */,
				5BD62AE426FE601B00EC924D /* Google */,
				5BD62AE126FE601B00EC924D /* NewYorkTIme */,
			);
			path = API;
			sourceTree = "<group>";
		};
		5BD62AE126FE601B00EC924D /* NewYorkTIme */ = {
			isa = PBXGroup;
			children = (
				5BD62AE226FE601B00EC924D /* NYTDatas.swift */,
				5BD62AE326FE601B00EC924D /* NYTRepository.swift */,
			);
			path = NewYorkTIme;
			sourceTree = "<group>";
		};
		5BD62AE426FE601B00EC924D /* Google */ = {
			isa = PBXGroup;
			children = (
				5BD62AE526FE601B00EC924D /* GoogleDatas.swift */,
				5BD62AE626FE601B00EC924D /* GoogleRepository.swift */,
			);
			path = Google;
			sourceTree = "<group>";
		};
		5BE28DFA26F12D380043F19E /* DesignSystem */ = {
			isa = PBXGroup;
			children = (
				5BE28DFF26F134D30043F19E /* Extensions */,
				5BE28E0A26F142D40043F19E /* Protocols */,
				5BE28DFE26F12DA00043F19E /* Components */,
				5BE28DFD26F12D980043F19E /* Styles */,
			);
			path = DesignSystem;
			sourceTree = "<group>";
		};
		5BE28DFD26F12D980043F19E /* Styles */ = {
			isa = PBXGroup;
			children = (
				5BBAFA5F26F21B0600A8DEF9 /* Implementations */,
				5BBAFA5E26F21AFD00A8DEF9 /* Protocols */,
			);
			path = Styles;
			sourceTree = "<group>";
		};
		5BE28DFE26F12DA00043F19E /* Components */ = {
			isa = PBXGroup;
			children = (
				5BA2754B2707A1F400459DD1 /* Footer */,
				5B0F188C26FE44F8008626F9 /* Header */,
				136F845726F768F9004AAFF2 /* Image */,
				13471FB726F26529007296E2 /* Cell */,
				5BE28E0626F137C20043F19E /* Buttons */,
			);
			path = Components;
			sourceTree = "<group>";
		};
		5BE28DFF26F134D30043F19E /* Extensions */ = {
			isa = PBXGroup;
			children = (
				5BE28E0026F134EB0043F19E /* UIColor+Palette.swift */,
				5B47F64526F2CCA800FDF48D /* UIImageView+TraitCollection.swift */,
				5B47F64726F3700500FDF48D /* UIImage+TraitCollection.swift */,
				5B47F64D26F3B78000FDF48D /* NSLayoutAnchor+DesignSystem.swift */,
			);
			path = Extensions;
			sourceTree = "<group>";
		};
		5BE28E0626F137C20043F19E /* Buttons */ = {
			isa = PBXGroup;
			children = (
				5BE28E0726F138020043F19E /* SynopsisCellButton.swift */,
				136F845A26F76E90004AAFF2 /* StatusButton.swift */,
			);
			path = Buttons;
			sourceTree = "<group>";
		};
		5BE28E0A26F142D40043F19E /* Protocols */ = {
			isa = PBXGroup;
			children = (
				1337333A2704FBD20052BF27 /* ShelfCellDelegate.swift */,
				5BE28E0B26F142E40043F19E /* Designable.swift */,
				5BC4634B26F25D43007155C1 /* LabelDesignable.swift */,
				5B47F64926F3B39C00FDF48D /* SynopsisCellDelegate.swift */,
				5B47F64B26F3B65A00FDF48D /* CustomLabelDesignable.swift */,
				134739952703AFB9002E0AE3 /* EmptyViewDelegate.swift */,
				5BA2754E2707A78400459DD1 /* DiscoverViewDelegate.swift */,
			);
			path = Protocols;
			sourceTree = "<group>";
		};
		5BE7CFC926FBB80100927439 /* DataSources */ = {
			isa = PBXGroup;
			children = (
				5BE7CFCA26FBB82500927439 /* DiscoverCollectionViewDataSource.swift */,
				5B79504E2703B13A007C1973 /* SubjectCollectionHeaderDataSource.swift */,
			);
			path = DataSources;
			sourceTree = "<group>";
		};
/* End PBXGroup section */

/* Begin PBXNativeTarget section */
		224DBC8326F113B3002303F3 /* Coverless */ = {
			isa = PBXNativeTarget;
			buildConfigurationList = 224DBC9826F113B4002303F3 /* Build configuration list for PBXNativeTarget "Coverless" */;
			buildPhases = (
				224DBC8026F113B3002303F3 /* Sources */,
				224DBC8126F113B3002303F3 /* Frameworks */,
				224DBC8226F113B3002303F3 /* Resources */,
			);
			buildRules = (
			);
			dependencies = (
			);
			name = Coverless;
			productName = Coverless;
			productReference = 224DBC8426F113B3002303F3 /* Coverless.app */;
			productType = "com.apple.product-type.application";
		};
/* End PBXNativeTarget section */

/* Begin PBXProject section */
		224DBC7C26F113B3002303F3 /* Project object */ = {
			isa = PBXProject;
			attributes = {
				LastSwiftUpdateCheck = 1250;
				LastUpgradeCheck = 1250;
				TargetAttributes = {
					224DBC8326F113B3002303F3 = {
						CreatedOnToolsVersion = 12.5.1;
					};
				};
			};
			buildConfigurationList = 224DBC7F26F113B3002303F3 /* Build configuration list for PBXProject "Coverless" */;
			compatibilityVersion = "Xcode 9.3";
			developmentRegion = en;
			hasScannedForEncodings = 0;
			knownRegions = (
				en,
				Base,
			);
			mainGroup = 224DBC7B26F113B3002303F3;
			productRefGroup = 224DBC8526F113B3002303F3 /* Products */;
			projectDirPath = "";
			projectRoot = "";
			targets = (
				224DBC8326F113B3002303F3 /* Coverless */,
			);
		};
/* End PBXProject section */

/* Begin PBXResourcesBuildPhase section */
		224DBC8226F113B3002303F3 /* Resources */ = {
			isa = PBXResourcesBuildPhase;
			buildActionMask = 2147483647;
			files = (
				224DBC9426F113B3002303F3 /* LaunchScreen.storyboard in Resources */,
				224DBC9126F113B3002303F3 /* Assets.xcassets in Resources */,
				5BD290E126FD0E420082620D /* Subjects.plist in Resources */,
				5BA275492707784A00459DD1 /* Environment.plist in Resources */,
			);
			runOnlyForDeploymentPostprocessing = 0;
		};
/* End PBXResourcesBuildPhase section */

/* Begin PBXSourcesBuildPhase section */
		224DBC8026F113B3002303F3 /* Sources */ = {
			isa = PBXSourcesBuildPhase;
			buildActionMask = 2147483647;
			files = (
				5BA275512707A7A200459DD1 /* AsyncImage.swift in Sources */,
				5BD62AE926FE601B00EC924D /* GoogleDatas.swift in Sources */,
				5BBAFA6926F2258100A8DEF9 /* TextStyle.swift in Sources */,
				22F62BDE27038C9A0076CA34 /* CoverlessData.xcdatamodeld in Sources */,
				5B47F64626F2CCA800FDF48D /* UIImageView+TraitCollection.swift in Sources */,
				5B47F65526F3DCBF00FDF48D /* MainTabBarController.swift in Sources */,
				136F845626F53D78004AAFF2 /* TitleTextStyle.swift in Sources */,
				134739942703ADDB002E0AE3 /* EmptyView.swift in Sources */,
				22F62BE627038F780076CA34 /* CoverlessDataRepository.swift in Sources */,
				5BE28E0826F138020043F19E /* SynopsisCellButton.swift in Sources */,
				5B47F64826F3700500FDF48D /* UIImage+TraitCollection.swift in Sources */,
				5B47F65926F3E2CB00FDF48D /* ShelfViewController.swift in Sources */,
				5BA2754F2707A78400459DD1 /* DiscoverViewDelegate.swift in Sources */,
				5BE28E0C26F142E40043F19E /* Designable.swift in Sources */,
				22F62BD627038AEC0076CA34 /* BookView.swift in Sources */,
				220C04AB2706DA130039A08C /* APIError.swift in Sources */,
				5B5A8BE526F907D200914277 /* HeaderTextStyle.swift in Sources */,
				5BD62AE826FE601B00EC924D /* NYTRepository.swift in Sources */,
				5BD62AEA26FE601B00EC924D /* GoogleRepository.swift in Sources */,
				5B8BE6CF2706355D007FB6E7 /* LargeSerifTextStyle.swift in Sources */,
				224DBC8C26F113B3002303F3 /* DiscoverViewController.swift in Sources */,
				5BE28E0326F135A10043F19E /* DefaultDesignPalette.swift in Sources */,
				5B47F64A26F3B39C00FDF48D /* SynopsisCellDelegate.swift in Sources */,
				136F845B26F76E90004AAFF2 /* StatusButton.swift in Sources */,
				5B0F188E26FE4529008626F9 /* CollectionViewAccessibilityHeader.swift in Sources */,
				5BE28DFC26F12D940043F19E /* DefaultDesignSystem.swift in Sources */,
				224DBCA226F114DD002303F3 /* MenuView.swift in Sources */,
				5B8BE6D127064D45007FB6E7 /* DiscoveredBookViewController.swift in Sources */,
				134E991C2708EB5800EECED5 /* OnboardView.swift in Sources */,
				5BD62AE726FE601B00EC924D /* NYTDatas.swift in Sources */,
				5BE28E0126F134EB0043F19E /* UIColor+Palette.swift in Sources */,
				5B7950532704EEAC007C1973 /* LoadingView.swift in Sources */,
				5B47F65326F3DC3100FDF48D /* DiscoverCoordinator.swift in Sources */,
				223B720526FE616200B9822E /* Book.swift in Sources */,
				5B47F65726F3E1B400FDF48D /* ShelfCoordinator.swift in Sources */,
				5B47F64E26F3B78000FDF48D /* NSLayoutAnchor+DesignSystem.swift in Sources */,
				5B89273626F52ACA0002A3DA /* MoreInfoView.swift in Sources */,
				13471FBD26F28ED3007296E2 /* SynopsisCell.swift in Sources */,
				5B8BE6CB27062409007FB6E7 /* DiscoveredBookView.swift in Sources */,
				5BE7CFCD26FBBA4F00927439 /* SubjectCell.swift in Sources */,
				134739962703AFB9002E0AE3 /* EmptyViewDelegate.swift in Sources */,
				5BBAFA6326F21B8100A8DEF9 /* DesignPalette.swift in Sources */,
				136F845926F7690A004AAFF2 /* ImageBook.swift in Sources */,
				5BBAFA6726F2256C00A8DEF9 /* DesignText.swift in Sources */,
				5BBAFA6126F21B6000A8DEF9 /* DesignSystem.swift in Sources */,
				22F62BD327038ADD0076CA34 /* BookViewController.swift in Sources */,
				5BE7CFCB26FBB82500927439 /* DiscoverCollectionViewDataSource.swift in Sources */,
				5B8BE6CD27063519007FB6E7 /* LargeTitleTextStyle.swift in Sources */,
				136F845D26F906C1004AAFF2 /* StarsRating.swift in Sources */,
				5B47F64C26F3B65A00FDF48D /* CustomLabelDesignable.swift in Sources */,
				5BE7CFC826FBA6EB00927439 /* DiscoverView.swift in Sources */,
				5BC4634E26F25E31007155C1 /* ButtonTextStyle.swift in Sources */,
				13471FBB26F283C4007296E2 /* BodyTextStyle.swift in Sources */,
				5B47F65126F3DB9800FDF48D /* Coordinator.swift in Sources */,
				136F845226F53208004AAFF2 /* ShelfCell.swift in Sources */,
				5BA2754D2707A20E00459DD1 /* DiscoverViewFooter.swift in Sources */,
				5B7AB18427037BA3009380B4 /* CarouselAccessibilityElement.swift in Sources */,
				5BE28E0526F136E50043F19E /* DefaultDesignSpacing.swift in Sources */,
				22F62BE327038F6D0076CA34 /* UIView+NSLayoutConstraint.swift in Sources */,
				5BD290E326FD1CCC0082620D /* Subject.swift in Sources */,
				134E991A2708E95000EECED5 /* OnboardViewController.swift in Sources */,
				5B89273426F52ABD0002A3DA /* MoreInfoViewController.swift in Sources */,
				1337333B2704FBD20052BF27 /* ShelfCellDelegate.swift in Sources */,
				224DBC8826F113B3002303F3 /* AppDelegate.swift in Sources */,
				224DBC8A26F113B3002303F3 /* SceneDelegate.swift in Sources */,
				5B79504F2703B13A007C1973 /* SubjectCollectionHeaderDataSource.swift in Sources */,
				5B79A4C22702666700CFDFD6 /* SubjectCollectionHeader.swift in Sources */,
				5BC4634C26F25D43007155C1 /* LabelDesignable.swift in Sources */,
				22F62BE427038F6D0076CA34 /* PropertyListDecoder.swift in Sources */,
				5BBAFA6526F21B9000A8DEF9 /* DesignSpacing.swift in Sources */,
				22F62BD727038AEC0076CA34 /* ShopView.swift in Sources */,
				5B47F64426F2CB4200FDF48D /* SymbolAccesibilityConfiguration.swift in Sources */,
			);
			runOnlyForDeploymentPostprocessing = 0;
		};
/* End PBXSourcesBuildPhase section */

/* Begin PBXVariantGroup section */
		224DBC9226F113B3002303F3 /* LaunchScreen.storyboard */ = {
			isa = PBXVariantGroup;
			children = (
				224DBC9326F113B3002303F3 /* Base */,
			);
			name = LaunchScreen.storyboard;
			sourceTree = "<group>";
		};
/* End PBXVariantGroup section */

/* Begin XCBuildConfiguration section */
		224DBC9626F113B4002303F3 /* Debug */ = {
			isa = XCBuildConfiguration;
			buildSettings = {
				ALWAYS_SEARCH_USER_PATHS = NO;
				CLANG_ANALYZER_NONNULL = YES;
				CLANG_ANALYZER_NUMBER_OBJECT_CONVERSION = YES_AGGRESSIVE;
				CLANG_CXX_LANGUAGE_STANDARD = "gnu++14";
				CLANG_CXX_LIBRARY = "libc++";
				CLANG_ENABLE_MODULES = YES;
				CLANG_ENABLE_OBJC_ARC = YES;
				CLANG_ENABLE_OBJC_WEAK = YES;
				CLANG_WARN_BLOCK_CAPTURE_AUTORELEASING = YES;
				CLANG_WARN_BOOL_CONVERSION = YES;
				CLANG_WARN_COMMA = YES;
				CLANG_WARN_CONSTANT_CONVERSION = YES;
				CLANG_WARN_DEPRECATED_OBJC_IMPLEMENTATIONS = YES;
				CLANG_WARN_DIRECT_OBJC_ISA_USAGE = YES_ERROR;
				CLANG_WARN_DOCUMENTATION_COMMENTS = YES;
				CLANG_WARN_EMPTY_BODY = YES;
				CLANG_WARN_ENUM_CONVERSION = YES;
				CLANG_WARN_INFINITE_RECURSION = YES;
				CLANG_WARN_INT_CONVERSION = YES;
				CLANG_WARN_NON_LITERAL_NULL_CONVERSION = YES;
				CLANG_WARN_OBJC_IMPLICIT_RETAIN_SELF = YES;
				CLANG_WARN_OBJC_LITERAL_CONVERSION = YES;
				CLANG_WARN_OBJC_ROOT_CLASS = YES_ERROR;
				CLANG_WARN_QUOTED_INCLUDE_IN_FRAMEWORK_HEADER = YES;
				CLANG_WARN_RANGE_LOOP_ANALYSIS = YES;
				CLANG_WARN_STRICT_PROTOTYPES = YES;
				CLANG_WARN_SUSPICIOUS_MOVE = YES;
				CLANG_WARN_UNGUARDED_AVAILABILITY = YES_AGGRESSIVE;
				CLANG_WARN_UNREACHABLE_CODE = YES;
				CLANG_WARN__DUPLICATE_METHOD_MATCH = YES;
				COPY_PHASE_STRIP = NO;
				DEBUG_INFORMATION_FORMAT = dwarf;
				ENABLE_STRICT_OBJC_MSGSEND = YES;
				ENABLE_TESTABILITY = YES;
				GCC_C_LANGUAGE_STANDARD = gnu11;
				GCC_DYNAMIC_NO_PIC = NO;
				GCC_NO_COMMON_BLOCKS = YES;
				GCC_OPTIMIZATION_LEVEL = 0;
				GCC_PREPROCESSOR_DEFINITIONS = (
					"DEBUG=1",
					"$(inherited)",
				);
				GCC_WARN_64_TO_32_BIT_CONVERSION = YES;
				GCC_WARN_ABOUT_RETURN_TYPE = YES_ERROR;
				GCC_WARN_UNDECLARED_SELECTOR = YES;
				GCC_WARN_UNINITIALIZED_AUTOS = YES_AGGRESSIVE;
				GCC_WARN_UNUSED_FUNCTION = YES;
				GCC_WARN_UNUSED_VARIABLE = YES;
				IPHONEOS_DEPLOYMENT_TARGET = 14.5;
				MTL_ENABLE_DEBUG_INFO = INCLUDE_SOURCE;
				MTL_FAST_MATH = YES;
				ONLY_ACTIVE_ARCH = YES;
				SDKROOT = iphoneos;
				SWIFT_ACTIVE_COMPILATION_CONDITIONS = DEBUG;
				SWIFT_OPTIMIZATION_LEVEL = "-Onone";
			};
			name = Debug;
		};
		224DBC9726F113B4002303F3 /* Release */ = {
			isa = XCBuildConfiguration;
			buildSettings = {
				ALWAYS_SEARCH_USER_PATHS = NO;
				CLANG_ANALYZER_NONNULL = YES;
				CLANG_ANALYZER_NUMBER_OBJECT_CONVERSION = YES_AGGRESSIVE;
				CLANG_CXX_LANGUAGE_STANDARD = "gnu++14";
				CLANG_CXX_LIBRARY = "libc++";
				CLANG_ENABLE_MODULES = YES;
				CLANG_ENABLE_OBJC_ARC = YES;
				CLANG_ENABLE_OBJC_WEAK = YES;
				CLANG_WARN_BLOCK_CAPTURE_AUTORELEASING = YES;
				CLANG_WARN_BOOL_CONVERSION = YES;
				CLANG_WARN_COMMA = YES;
				CLANG_WARN_CONSTANT_CONVERSION = YES;
				CLANG_WARN_DEPRECATED_OBJC_IMPLEMENTATIONS = YES;
				CLANG_WARN_DIRECT_OBJC_ISA_USAGE = YES_ERROR;
				CLANG_WARN_DOCUMENTATION_COMMENTS = YES;
				CLANG_WARN_EMPTY_BODY = YES;
				CLANG_WARN_ENUM_CONVERSION = YES;
				CLANG_WARN_INFINITE_RECURSION = YES;
				CLANG_WARN_INT_CONVERSION = YES;
				CLANG_WARN_NON_LITERAL_NULL_CONVERSION = YES;
				CLANG_WARN_OBJC_IMPLICIT_RETAIN_SELF = YES;
				CLANG_WARN_OBJC_LITERAL_CONVERSION = YES;
				CLANG_WARN_OBJC_ROOT_CLASS = YES_ERROR;
				CLANG_WARN_QUOTED_INCLUDE_IN_FRAMEWORK_HEADER = YES;
				CLANG_WARN_RANGE_LOOP_ANALYSIS = YES;
				CLANG_WARN_STRICT_PROTOTYPES = YES;
				CLANG_WARN_SUSPICIOUS_MOVE = YES;
				CLANG_WARN_UNGUARDED_AVAILABILITY = YES_AGGRESSIVE;
				CLANG_WARN_UNREACHABLE_CODE = YES;
				CLANG_WARN__DUPLICATE_METHOD_MATCH = YES;
				COPY_PHASE_STRIP = NO;
				DEBUG_INFORMATION_FORMAT = "dwarf-with-dsym";
				ENABLE_NS_ASSERTIONS = NO;
				ENABLE_STRICT_OBJC_MSGSEND = YES;
				GCC_C_LANGUAGE_STANDARD = gnu11;
				GCC_NO_COMMON_BLOCKS = YES;
				GCC_WARN_64_TO_32_BIT_CONVERSION = YES;
				GCC_WARN_ABOUT_RETURN_TYPE = YES_ERROR;
				GCC_WARN_UNDECLARED_SELECTOR = YES;
				GCC_WARN_UNINITIALIZED_AUTOS = YES_AGGRESSIVE;
				GCC_WARN_UNUSED_FUNCTION = YES;
				GCC_WARN_UNUSED_VARIABLE = YES;
				IPHONEOS_DEPLOYMENT_TARGET = 14.5;
				MTL_ENABLE_DEBUG_INFO = NO;
				MTL_FAST_MATH = YES;
				SDKROOT = iphoneos;
				SWIFT_COMPILATION_MODE = wholemodule;
				SWIFT_OPTIMIZATION_LEVEL = "-O";
				VALIDATE_PRODUCT = YES;
			};
			name = Release;
		};
		224DBC9926F113B4002303F3 /* Debug */ = {
			isa = XCBuildConfiguration;
			buildSettings = {
				ASSETCATALOG_COMPILER_APPICON_NAME = AppIcon;
				ASSETCATALOG_COMPILER_GLOBAL_ACCENT_COLOR_NAME = AccentColor;
				CODE_SIGN_STYLE = Automatic;
				DEVELOPMENT_TEAM = V8V28A4DX2;
				INFOPLIST_FILE = Coverless/System/Info.plist;
				LD_RUNPATH_SEARCH_PATHS = (
					"$(inherited)",
					"@executable_path/Frameworks",
				);
				PRODUCT_BUNDLE_IDENTIFIER = Kings.Coverless;
				PRODUCT_NAME = "$(TARGET_NAME)";
				SWIFT_VERSION = 5.0;
				TARGETED_DEVICE_FAMILY = 1;
			};
			name = Debug;
		};
		224DBC9A26F113B4002303F3 /* Release */ = {
			isa = XCBuildConfiguration;
			buildSettings = {
				ASSETCATALOG_COMPILER_APPICON_NAME = AppIcon;
				ASSETCATALOG_COMPILER_GLOBAL_ACCENT_COLOR_NAME = AccentColor;
				CODE_SIGN_STYLE = Automatic;
				DEVELOPMENT_TEAM = V8V28A4DX2;
				INFOPLIST_FILE = Coverless/System/Info.plist;
				LD_RUNPATH_SEARCH_PATHS = (
					"$(inherited)",
					"@executable_path/Frameworks",
				);
				PRODUCT_BUNDLE_IDENTIFIER = Kings.Coverless;
				PRODUCT_NAME = "$(TARGET_NAME)";
				SWIFT_VERSION = 5.0;
				TARGETED_DEVICE_FAMILY = 1;
			};
			name = Release;
		};
/* End XCBuildConfiguration section */

/* Begin XCConfigurationList section */
		224DBC7F26F113B3002303F3 /* Build configuration list for PBXProject "Coverless" */ = {
			isa = XCConfigurationList;
			buildConfigurations = (
				224DBC9626F113B4002303F3 /* Debug */,
				224DBC9726F113B4002303F3 /* Release */,
			);
			defaultConfigurationIsVisible = 0;
			defaultConfigurationName = Release;
		};
		224DBC9826F113B4002303F3 /* Build configuration list for PBXNativeTarget "Coverless" */ = {
			isa = XCConfigurationList;
			buildConfigurations = (
				224DBC9926F113B4002303F3 /* Debug */,
				224DBC9A26F113B4002303F3 /* Release */,
			);
			defaultConfigurationIsVisible = 0;
			defaultConfigurationName = Release;
		};
/* End XCConfigurationList section */

/* Begin XCVersionGroup section */
		22F62BDC27038C9A0076CA34 /* CoverlessData.xcdatamodeld */ = {
			isa = XCVersionGroup;
			children = (
				22F62BDD27038C9A0076CA34 /* CoverlessData.xcdatamodel */,
			);
			currentVersion = 22F62BDD27038C9A0076CA34 /* CoverlessData.xcdatamodel */;
			path = CoverlessData.xcdatamodeld;
			sourceTree = "<group>";
			versionGroupType = wrapper.xcdatamodel;
		};
/* End XCVersionGroup section */
	};
	rootObject = 224DBC7C26F113B3002303F3 /* Project object */;
}
