// !$*UTF8*$!
{
	archiveVersion = 1;
	classes = {
	};
	objectVersion = 50;
	objects = {

/* Begin PBXBuildFile section */
		224DBC8826F113B3002303F3 /* AppDelegate.swift in Sources */ = {isa = PBXBuildFile; fileRef = 224DBC8726F113B3002303F3 /* AppDelegate.swift */; };
		224DBC8A26F113B3002303F3 /* SceneDelegate.swift in Sources */ = {isa = PBXBuildFile; fileRef = 224DBC8926F113B3002303F3 /* SceneDelegate.swift */; };
		224DBC8C26F113B3002303F3 /* ViewController.swift in Sources */ = {isa = PBXBuildFile; fileRef = 224DBC8B26F113B3002303F3 /* ViewController.swift */; };
		224DBC9126F113B3002303F3 /* Assets.xcassets in Resources */ = {isa = PBXBuildFile; fileRef = 224DBC9026F113B3002303F3 /* Assets.xcassets */; };
		224DBC9426F113B3002303F3 /* LaunchScreen.storyboard in Resources */ = {isa = PBXBuildFile; fileRef = 224DBC9226F113B3002303F3 /* LaunchScreen.storyboard */; };
		224DBCA226F114DD002303F3 /* MenuView.swift in Sources */ = {isa = PBXBuildFile; fileRef = 224DBCA126F114DD002303F3 /* MenuView.swift */; };
		A7F3AF9526F3B27300C5289E /* environment.plist in Resources */ = {isa = PBXBuildFile; fileRef = A7F3AF9426F3B27300C5289E /* environment.plist */; };
		A7F3AF9726F3B88A00C5289E /* ManipulacaoArquivo.swift in Sources */ = {isa = PBXBuildFile; fileRef = A7F3AF9626F3B88A00C5289E /* ManipulacaoArquivo.swift */; };
/* End PBXBuildFile section */

/* Begin PBXFileReference section */
		224DBC8426F113B3002303F3 /* Coverless.app */ = {isa = PBXFileReference; explicitFileType = wrapper.application; includeInIndex = 0; path = Coverless.app; sourceTree = BUILT_PRODUCTS_DIR; };
		224DBC8726F113B3002303F3 /* AppDelegate.swift */ = {isa = PBXFileReference; lastKnownFileType = sourcecode.swift; path = AppDelegate.swift; sourceTree = "<group>"; };
		224DBC8926F113B3002303F3 /* SceneDelegate.swift */ = {isa = PBXFileReference; lastKnownFileType = sourcecode.swift; path = SceneDelegate.swift; sourceTree = "<group>"; };
		224DBC8B26F113B3002303F3 /* ViewController.swift */ = {isa = PBXFileReference; lastKnownFileType = sourcecode.swift; path = ViewController.swift; sourceTree = "<group>"; };
		224DBC9026F113B3002303F3 /* Assets.xcassets */ = {isa = PBXFileReference; lastKnownFileType = folder.assetcatalog; path = Assets.xcassets; sourceTree = "<group>"; };
		224DBC9326F113B3002303F3 /* Base */ = {isa = PBXFileReference; lastKnownFileType = file.storyboard; name = Base; path = Base.lproj/LaunchScreen.storyboard; sourceTree = "<group>"; };
		224DBC9526F113B4002303F3 /* Info.plist */ = {isa = PBXFileReference; lastKnownFileType = text.plist.xml; path = Info.plist; sourceTree = "<group>"; };
		224DBCA126F114DD002303F3 /* MenuView.swift */ = {isa = PBXFileReference; lastKnownFileType = sourcecode.swift; path = MenuView.swift; sourceTree = "<group>"; };
		A7F3AF9426F3B27300C5289E /* environment.plist */ = {isa = PBXFileReference; lastKnownFileType = text.plist.xml; path = environment.plist; sourceTree = "<group>"; };
		A7F3AF9626F3B88A00C5289E /* ManipulacaoArquivo.swift */ = {isa = PBXFileReference; lastKnownFileType = sourcecode.swift; path = ManipulacaoArquivo.swift; sourceTree = "<group>"; };
/* End PBXFileReference section */

/* Begin PBXFrameworksBuildPhase section */
		224DBC8126F113B3002303F3 /* Frameworks */ = {
			isa = PBXFrameworksBuildPhase;
			buildActionMask = 2147483647;
			files = (
			);
			runOnlyForDeploymentPostprocessing = 0;
		};
/* End PBXFrameworksBuildPhase section */

/* Begin PBXGroup section */
		224DBC7B26F113B3002303F3 = {
			isa = PBXGroup;
			children = (
				224DBC8626F113B3002303F3 /* Coverless */,
				224DBC8526F113B3002303F3 /* Products */,
			);
			sourceTree = "<group>";
		};
		224DBC8526F113B3002303F3 /* Products */ = {
			isa = PBXGroup;
			children = (
				224DBC8426F113B3002303F3 /* Coverless.app */,
			);
			name = Products;
			sourceTree = "<group>";
		};
		224DBC8626F113B3002303F3 /* Coverless */ = {
			isa = PBXGroup;
			children = (
				224DBC9D26F11452002303F3 /* Controllers */,
				224DBC9E26F1145D002303F3 /* Views */,
				224DBC9F26F1146B002303F3 /* Modals */,
				224DBCA026F11470002303F3 /* Extensions */,
				224DBC9C26F113C7002303F3 /* System */,
				224DBC9B26F113BD002303F3 /* Assets */,
			);
			path = Coverless;
			sourceTree = "<group>";
		};
		224DBC9B26F113BD002303F3 /* Assets */ = {
			isa = PBXGroup;
			children = (
				224DBC9026F113B3002303F3 /* Assets.xcassets */,
			);
			path = Assets;
			sourceTree = "<group>";
		};
		224DBC9C26F113C7002303F3 /* System */ = {
			isa = PBXGroup;
			children = (
				224DBC9526F113B4002303F3 /* Info.plist */,
				224DBC9226F113B3002303F3 /* LaunchScreen.storyboard */,
				224DBC8726F113B3002303F3 /* AppDelegate.swift */,
				224DBC8926F113B3002303F3 /* SceneDelegate.swift */,
				A7F3AF9426F3B27300C5289E /* environment.plist */,
			);
			path = System;
			sourceTree = "<group>";
		};
		224DBC9D26F11452002303F3 /* Controllers */ = {
			isa = PBXGroup;
			children = (
				A7F3AF9626F3B88A00C5289E /* ManipulacaoArquivo.swift */,
				224DBC8B26F113B3002303F3 /* ViewController.swift */,
			);
			path = Controllers;
			sourceTree = "<group>";
		};
		224DBC9E26F1145D002303F3 /* Views */ = {
			isa = PBXGroup;
			children = (
				224DBCA126F114DD002303F3 /* MenuView.swift */,
			);
			path = Views;
			sourceTree = "<group>";
		};
		224DBC9F26F1146B002303F3 /* Modals */ = {
			isa = PBXGroup;
			children = (
			);
			path = Modals;
			sourceTree = "<group>";
		};
		224DBCA026F11470002303F3 /* Extensions */ = {
			isa = PBXGroup;
			children = (
			);
			path = Extensions;
			sourceTree = "<group>";
		};
/* End PBXGroup section */

/* Begin PBXNativeTarget section */
		224DBC8326F113B3002303F3 /* Coverless */ = {
			isa = PBXNativeTarget;
			buildConfigurationList = 224DBC9826F113B4002303F3 /* Build configuration list for PBXNativeTarget "Coverless" */;
			buildPhases = (
				224DBC8026F113B3002303F3 /* Sources */,
				224DBC8126F113B3002303F3 /* Frameworks */,
				224DBC8226F113B3002303F3 /* Resources */,
			);
			buildRules = (
			);
			dependencies = (
			);
			name = Coverless;
			productName = Coverless;
			productReference = 224DBC8426F113B3002303F3 /* Coverless.app */;
			productType = "com.apple.product-type.application";
		};
/* End PBXNativeTarget section */

/* Begin PBXProject section */
		224DBC7C26F113B3002303F3 /* Project object */ = {
			isa = PBXProject;
			attributes = {
				LastSwiftUpdateCheck = 1250;
				LastUpgradeCheck = 1250;
				TargetAttributes = {
					224DBC8326F113B3002303F3 = {
						CreatedOnToolsVersion = 12.5.1;
					};
				};
			};
			buildConfigurationList = 224DBC7F26F113B3002303F3 /* Build configuration list for PBXProject "Coverless" */;
			compatibilityVersion = "Xcode 9.3";
			developmentRegion = en;
			hasScannedForEncodings = 0;
			knownRegions = (
				en,
				Base,
			);
			mainGroup = 224DBC7B26F113B3002303F3;
			productRefGroup = 224DBC8526F113B3002303F3 /* Products */;
			projectDirPath = "";
			projectRoot = "";
			targets = (
				224DBC8326F113B3002303F3 /* Coverless */,
			);
		};
/* End PBXProject section */

/* Begin PBXResourcesBuildPhase section */
		224DBC8226F113B3002303F3 /* Resources */ = {
			isa = PBXResourcesBuildPhase;
			buildActionMask = 2147483647;
			files = (
				224DBC9426F113B3002303F3 /* LaunchScreen.storyboard in Resources */,
				224DBC9126F113B3002303F3 /* Assets.xcassets in Resources */,
				A7F3AF9526F3B27300C5289E /* environment.plist in Resources */,
			);
			runOnlyForDeploymentPostprocessing = 0;
		};
/* End PBXResourcesBuildPhase section */

/* Begin PBXSourcesBuildPhase section */
		224DBC8026F113B3002303F3 /* Sources */ = {
			isa = PBXSourcesBuildPhase;
			buildActionMask = 2147483647;
			files = (
				224DBC8C26F113B3002303F3 /* ViewController.swift in Sources */,
				224DBCA226F114DD002303F3 /* MenuView.swift in Sources */,
				A7F3AF9726F3B88A00C5289E /* ManipulacaoArquivo.swift in Sources */,
				224DBC8826F113B3002303F3 /* AppDelegate.swift in Sources */,
				224DBC8A26F113B3002303F3 /* SceneDelegate.swift in Sources */,
			);
			runOnlyForDeploymentPostprocessing = 0;
		};
/* End PBXSourcesBuildPhase section */

/* Begin PBXVariantGroup section */
		224DBC9226F113B3002303F3 /* LaunchScreen.storyboard */ = {
			isa = PBXVariantGroup;
			children = (
				224DBC9326F113B3002303F3 /* Base */,
			);
			name = LaunchScreen.storyboard;
			sourceTree = "<group>";
		};
/* End PBXVariantGroup section */

/* Begin XCBuildConfiguration section */
		224DBC9626F113B4002303F3 /* Debug */ = {
			isa = XCBuildConfiguration;
			buildSettings = {
				ALWAYS_SEARCH_USER_PATHS = NO;
				CLANG_ANALYZER_NONNULL = YES;
				CLANG_ANALYZER_NUMBER_OBJECT_CONVERSION = YES_AGGRESSIVE;
				CLANG_CXX_LANGUAGE_STANDARD = "gnu++14";
				CLANG_CXX_LIBRARY = "libc++";
				CLANG_ENABLE_MODULES = YES;
				CLANG_ENABLE_OBJC_ARC = YES;
				CLANG_ENABLE_OBJC_WEAK = YES;
				CLANG_WARN_BLOCK_CAPTURE_AUTORELEASING = YES;
				CLANG_WARN_BOOL_CONVERSION = YES;
				CLANG_WARN_COMMA = YES;
				CLANG_WARN_CONSTANT_CONVERSION = YES;
				CLANG_WARN_DEPRECATED_OBJC_IMPLEMENTATIONS = YES;
				CLANG_WARN_DIRECT_OBJC_ISA_USAGE = YES_ERROR;
				CLANG_WARN_DOCUMENTATION_COMMENTS = YES;
				CLANG_WARN_EMPTY_BODY = YES;
				CLANG_WARN_ENUM_CONVERSION = YES;
				CLANG_WARN_INFINITE_RECURSION = YES;
				CLANG_WARN_INT_CONVERSION = YES;
				CLANG_WARN_NON_LITERAL_NULL_CONVERSION = YES;
				CLANG_WARN_OBJC_IMPLICIT_RETAIN_SELF = YES;
				CLANG_WARN_OBJC_LITERAL_CONVERSION = YES;
				CLANG_WARN_OBJC_ROOT_CLASS = YES_ERROR;
				CLANG_WARN_QUOTED_INCLUDE_IN_FRAMEWORK_HEADER = YES;
				CLANG_WARN_RANGE_LOOP_ANALYSIS = YES;
				CLANG_WARN_STRICT_PROTOTYPES = YES;
				CLANG_WARN_SUSPICIOUS_MOVE = YES;
				CLANG_WARN_UNGUARDED_AVAILABILITY = YES_AGGRESSIVE;
				CLANG_WARN_UNREACHABLE_CODE = YES;
				CLANG_WARN__DUPLICATE_METHOD_MATCH = YES;
				COPY_PHASE_STRIP = NO;
				DEBUG_INFORMATION_FORMAT = dwarf;
				ENABLE_STRICT_OBJC_MSGSEND = YES;
				ENABLE_TESTABILITY = YES;
				GCC_C_LANGUAGE_STANDARD = gnu11;
				GCC_DYNAMIC_NO_PIC = NO;
				GCC_NO_COMMON_BLOCKS = YES;
				GCC_OPTIMIZATION_LEVEL = 0;
				GCC_PREPROCESSOR_DEFINITIONS = (
					"DEBUG=1",
					"$(inherited)",
				);
				GCC_WARN_64_TO_32_BIT_CONVERSION = YES;
				GCC_WARN_ABOUT_RETURN_TYPE = YES_ERROR;
				GCC_WARN_UNDECLARED_SELECTOR = YES;
				GCC_WARN_UNINITIALIZED_AUTOS = YES_AGGRESSIVE;
				GCC_WARN_UNUSED_FUNCTION = YES;
				GCC_WARN_UNUSED_VARIABLE = YES;
				IPHONEOS_DEPLOYMENT_TARGET = 14.5;
				MTL_ENABLE_DEBUG_INFO = INCLUDE_SOURCE;
				MTL_FAST_MATH = YES;
				ONLY_ACTIVE_ARCH = YES;
				SDKROOT = iphoneos;
				SWIFT_ACTIVE_COMPILATION_CONDITIONS = DEBUG;
				SWIFT_OPTIMIZATION_LEVEL = "-Onone";
			};
			name = Debug;
		};
		224DBC9726F113B4002303F3 /* Release */ = {
			isa = XCBuildConfiguration;
			buildSettings = {
				ALWAYS_SEARCH_USER_PATHS = NO;
				CLANG_ANALYZER_NONNULL = YES;
				CLANG_ANALYZER_NUMBER_OBJECT_CONVERSION = YES_AGGRESSIVE;
				CLANG_CXX_LANGUAGE_STANDARD = "gnu++14";
				CLANG_CXX_LIBRARY = "libc++";
				CLANG_ENABLE_MODULES = YES;
				CLANG_ENABLE_OBJC_ARC = YES;
				CLANG_ENABLE_OBJC_WEAK = YES;
				CLANG_WARN_BLOCK_CAPTURE_AUTORELEASING = YES;
				CLANG_WARN_BOOL_CONVERSION = YES;
				CLANG_WARN_COMMA = YES;
				CLANG_WARN_CONSTANT_CONVERSION = YES;
				CLANG_WARN_DEPRECATED_OBJC_IMPLEMENTATIONS = YES;
				CLANG_WARN_DIRECT_OBJC_ISA_USAGE = YES_ERROR;
				CLANG_WARN_DOCUMENTATION_COMMENTS = YES;
				CLANG_WARN_EMPTY_BODY = YES;
				CLANG_WARN_ENUM_CONVERSION = YES;
				CLANG_WARN_INFINITE_RECURSION = YES;
				CLANG_WARN_INT_CONVERSION = YES;
				CLANG_WARN_NON_LITERAL_NULL_CONVERSION = YES;
				CLANG_WARN_OBJC_IMPLICIT_RETAIN_SELF = YES;
				CLANG_WARN_OBJC_LITERAL_CONVERSION = YES;
				CLANG_WARN_OBJC_ROOT_CLASS = YES_ERROR;
				CLANG_WARN_QUOTED_INCLUDE_IN_FRAMEWORK_HEADER = YES;
				CLANG_WARN_RANGE_LOOP_ANALYSIS = YES;
				CLANG_WARN_STRICT_PROTOTYPES = YES;
				CLANG_WARN_SUSPICIOUS_MOVE = YES;
				CLANG_WARN_UNGUARDED_AVAILABILITY = YES_AGGRESSIVE;
				CLANG_WARN_UNREACHABLE_CODE = YES;
				CLANG_WARN__DUPLICATE_METHOD_MATCH = YES;
				COPY_PHASE_STRIP = NO;
				DEBUG_INFORMATION_FORMAT = "dwarf-with-dsym";
				ENABLE_NS_ASSERTIONS = NO;
				ENABLE_STRICT_OBJC_MSGSEND = YES;
				GCC_C_LANGUAGE_STANDARD = gnu11;
				GCC_NO_COMMON_BLOCKS = YES;
				GCC_WARN_64_TO_32_BIT_CONVERSION = YES;
				GCC_WARN_ABOUT_RETURN_TYPE = YES_ERROR;
				GCC_WARN_UNDECLARED_SELECTOR = YES;
				GCC_WARN_UNINITIALIZED_AUTOS = YES_AGGRESSIVE;
				GCC_WARN_UNUSED_FUNCTION = YES;
				GCC_WARN_UNUSED_VARIABLE = YES;
				IPHONEOS_DEPLOYMENT_TARGET = 14.5;
				MTL_ENABLE_DEBUG_INFO = NO;
				MTL_FAST_MATH = YES;
				SDKROOT = iphoneos;
				SWIFT_COMPILATION_MODE = wholemodule;
				SWIFT_OPTIMIZATION_LEVEL = "-O";
				VALIDATE_PRODUCT = YES;
			};
			name = Release;
		};
		224DBC9926F113B4002303F3 /* Debug */ = {
			isa = XCBuildConfiguration;
			buildSettings = {
				ASSETCATALOG_COMPILER_APPICON_NAME = AppIcon;
				ASSETCATALOG_COMPILER_GLOBAL_ACCENT_COLOR_NAME = AccentColor;
				CODE_SIGN_STYLE = Automatic;
				DEVELOPMENT_TEAM = N96WZRA7LD;
				INFOPLIST_FILE = Coverless/System/Info.plist;
				LD_RUNPATH_SEARCH_PATHS = (
					"$(inherited)",
					"@executable_path/Frameworks",
				);
				PRODUCT_BUNDLE_IDENTIFIER = Kings.Coverless;
				PRODUCT_NAME = "$(TARGET_NAME)";
				SWIFT_VERSION = 5.0;
				TARGETED_DEVICE_FAMILY = "1,2";
			};
			name = Debug;
		};
		224DBC9A26F113B4002303F3 /* Release */ = {
			isa = XCBuildConfiguration;
			buildSettings = {
				ASSETCATALOG_COMPILER_APPICON_NAME = AppIcon;
				ASSETCATALOG_COMPILER_GLOBAL_ACCENT_COLOR_NAME = AccentColor;
				CODE_SIGN_STYLE = Automatic;
				DEVELOPMENT_TEAM = N96WZRA7LD;
				INFOPLIST_FILE = Coverless/System/Info.plist;
				LD_RUNPATH_SEARCH_PATHS = (
					"$(inherited)",
					"@executable_path/Frameworks",
				);
				PRODUCT_BUNDLE_IDENTIFIER = Kings.Coverless;
				PRODUCT_NAME = "$(TARGET_NAME)";
				SWIFT_VERSION = 5.0;
				TARGETED_DEVICE_FAMILY = "1,2";
			};
			name = Release;
		};
/* End XCBuildConfiguration section */

/* Begin XCConfigurationList section */
		224DBC7F26F113B3002303F3 /* Build configuration list for PBXProject "Coverless" */ = {
			isa = XCConfigurationList;
			buildConfigurations = (
				224DBC9626F113B4002303F3 /* Debug */,
				224DBC9726F113B4002303F3 /* Release */,
			);
			defaultConfigurationIsVisible = 0;
			defaultConfigurationName = Release;
		};
		224DBC9826F113B4002303F3 /* Build configuration list for PBXNativeTarget "Coverless" */ = {
			isa = XCConfigurationList;
			buildConfigurations = (
				224DBC9926F113B4002303F3 /* Debug */,
				224DBC9A26F113B4002303F3 /* Release */,
			);
			defaultConfigurationIsVisible = 0;
			defaultConfigurationName = Release;
		};
/* End XCConfigurationList section */
	};
	rootObject = 224DBC7C26F113B3002303F3 /* Project object */;
}
